// !$*UTF8*$!
{
	archiveVersion = 1;
	classes = {
	};
	objectVersion = 46;
	objects = {

/* Begin PBXBuildFile section */
		541379C7174B321E00789CFD /* APIsRequest.m in Sources */ = {isa = PBXBuildFile; fileRef = 541379C6174B321E00789CFD /* APIsRequest.m */; };
		5433588B174BE9A00006E7D5 /* SendButton.png in Resources */ = {isa = PBXBuildFile; fileRef = 54335889174BE9A00006E7D5 /* SendButton.png */; };
		5433588C174BE9A00006E7D5 /* SendButton@2x.png in Resources */ = {isa = PBXBuildFile; fileRef = 5433588A174BE9A00006E7D5 /* SendButton@2x.png */; };
		54B4BBA3174A916100F6215B /* UIKit.framework in Frameworks */ = {isa = PBXBuildFile; fileRef = 54B4BBA2174A916100F6215B /* UIKit.framework */; };
		54B4BBA5174A916100F6215B /* Foundation.framework in Frameworks */ = {isa = PBXBuildFile; fileRef = 54B4BBA4174A916100F6215B /* Foundation.framework */; };
		54B4BBA7174A916100F6215B /* CoreGraphics.framework in Frameworks */ = {isa = PBXBuildFile; fileRef = 54B4BBA6174A916100F6215B /* CoreGraphics.framework */; };
		54B4BBAD174A916100F6215B /* InfoPlist.strings in Resources */ = {isa = PBXBuildFile; fileRef = 54B4BBAB174A916100F6215B /* InfoPlist.strings */; };
		54B4BBAF174A916100F6215B /* main.m in Sources */ = {isa = PBXBuildFile; fileRef = 54B4BBAE174A916100F6215B /* main.m */; };
		54B4BBB3174A916100F6215B /* AppDelegate.m in Sources */ = {isa = PBXBuildFile; fileRef = 54B4BBB2174A916100F6215B /* AppDelegate.m */; };
		54B4BBB5174A916100F6215B /* Default.png in Resources */ = {isa = PBXBuildFile; fileRef = 54B4BBB4174A916100F6215B /* Default.png */; };
		54B4BBB7174A916100F6215B /* Default@2x.png in Resources */ = {isa = PBXBuildFile; fileRef = 54B4BBB6174A916100F6215B /* Default@2x.png */; };
		54B4BBB9174A916100F6215B /* Default-568h@2x.png in Resources */ = {isa = PBXBuildFile; fileRef = 54B4BBB8174A916100F6215B /* Default-568h@2x.png */; };
		54B4BBBC174A916100F6215B /* MainStoryboard.storyboard in Resources */ = {isa = PBXBuildFile; fileRef = 54B4BBBA174A916100F6215B /* MainStoryboard.storyboard */; };
		54B4BBBF174A916100F6215B /* MasterViewController.m in Sources */ = {isa = PBXBuildFile; fileRef = 54B4BBBE174A916100F6215B /* MasterViewController.m */; };
		54B4BBC2174A916100F6215B /* DetailViewController.m in Sources */ = {isa = PBXBuildFile; fileRef = 54B4BBC1174A916100F6215B /* DetailViewController.m */; };
		54B4BBCB174A9A8E00F6215B /* ContactsViewController.m in Sources */ = {isa = PBXBuildFile; fileRef = 54B4BBCA174A9A8E00F6215B /* ContactsViewController.m */; };
		54B4BBCE174A9AA400F6215B /* MessagesViewController.m in Sources */ = {isa = PBXBuildFile; fileRef = 54B4BBCD174A9AA400F6215B /* MessagesViewController.m */; };
		54B4BBD1174ABADF00F6215B /* ComposeViewController.m in Sources */ = {isa = PBXBuildFile; fileRef = 54B4BBD0174ABADF00F6215B /* ComposeViewController.m */; };
/* End PBXBuildFile section */

/* Begin PBXFileReference section */
		541379C5174B321E00789CFD /* APIsRequest.h */ = {isa = PBXFileReference; fileEncoding = 4; lastKnownFileType = sourcecode.c.h; path = APIsRequest.h; sourceTree = "<group>"; };
		541379C6174B321E00789CFD /* APIsRequest.m */ = {isa = PBXFileReference; fileEncoding = 4; lastKnownFileType = sourcecode.c.objc; path = APIsRequest.m; sourceTree = "<group>"; };
		54335889174BE9A00006E7D5 /* SendButton.png */ = {isa = PBXFileReference; lastKnownFileType = image.png; path = SendButton.png; sourceTree = "<group>"; };
		5433588A174BE9A00006E7D5 /* SendButton@2x.png */ = {isa = PBXFileReference; lastKnownFileType = image.png; path = "SendButton@2x.png"; sourceTree = "<group>"; };
		54B4BB9F174A916100F6215B /* SenHub - 	Dev Challenge.app */ = {isa = PBXFileReference; explicitFileType = wrapper.application; includeInIndex = 0; path = "SenHub - \tDev Challenge.app"; sourceTree = BUILT_PRODUCTS_DIR; };
		54B4BBA2174A916100F6215B /* UIKit.framework */ = {isa = PBXFileReference; lastKnownFileType = wrapper.framework; name = UIKit.framework; path = System/Library/Frameworks/UIKit.framework; sourceTree = SDKROOT; };
		54B4BBA4174A916100F6215B /* Foundation.framework */ = {isa = PBXFileReference; lastKnownFileType = wrapper.framework; name = Foundation.framework; path = System/Library/Frameworks/Foundation.framework; sourceTree = SDKROOT; };
		54B4BBA6174A916100F6215B /* CoreGraphics.framework */ = {isa = PBXFileReference; lastKnownFileType = wrapper.framework; name = CoreGraphics.framework; path = System/Library/Frameworks/CoreGraphics.framework; sourceTree = SDKROOT; };
		54B4BBAA174A916100F6215B /* SenHub - 	Dev Challenge-Info.plist */ = {isa = PBXFileReference; lastKnownFileType = text.plist.xml; path = "SenHub - \tDev Challenge-Info.plist"; sourceTree = "<group>"; };
		54B4BBAC174A916100F6215B /* en */ = {isa = PBXFileReference; lastKnownFileType = text.plist.strings; name = en; path = en.lproj/InfoPlist.strings; sourceTree = "<group>"; };
		54B4BBAE174A916100F6215B /* main.m */ = {isa = PBXFileReference; lastKnownFileType = sourcecode.c.objc; path = main.m; sourceTree = "<group>"; };
		54B4BBB0174A916100F6215B /* SenHub - 	Dev Challenge-Prefix.pch */ = {isa = PBXFileReference; lastKnownFileType = sourcecode.c.h; path = "SenHub - \tDev Challenge-Prefix.pch"; sourceTree = "<group>"; };
		54B4BBB1174A916100F6215B /* AppDelegate.h */ = {isa = PBXFileReference; lastKnownFileType = sourcecode.c.h; path = AppDelegate.h; sourceTree = "<group>"; };
		54B4BBB2174A916100F6215B /* AppDelegate.m */ = {isa = PBXFileReference; lastKnownFileType = sourcecode.c.objc; path = AppDelegate.m; sourceTree = "<group>"; };
		54B4BBB4174A916100F6215B /* Default.png */ = {isa = PBXFileReference; lastKnownFileType = image.png; path = Default.png; sourceTree = "<group>"; };
		54B4BBB6174A916100F6215B /* Default@2x.png */ = {isa = PBXFileReference; lastKnownFileType = image.png; path = "Default@2x.png"; sourceTree = "<group>"; };
		54B4BBB8174A916100F6215B /* Default-568h@2x.png */ = {isa = PBXFileReference; lastKnownFileType = image.png; path = "Default-568h@2x.png"; sourceTree = "<group>"; };
		54B4BBBB174A916100F6215B /* en */ = {isa = PBXFileReference; lastKnownFileType = file.storyboard; name = en; path = en.lproj/MainStoryboard.storyboard; sourceTree = "<group>"; };
		54B4BBBD174A916100F6215B /* MasterViewController.h */ = {isa = PBXFileReference; lastKnownFileType = sourcecode.c.h; path = MasterViewController.h; sourceTree = "<group>"; };
		54B4BBBE174A916100F6215B /* MasterViewController.m */ = {isa = PBXFileReference; lastKnownFileType = sourcecode.c.objc; path = MasterViewController.m; sourceTree = "<group>"; };
		54B4BBC0174A916100F6215B /* DetailViewController.h */ = {isa = PBXFileReference; lastKnownFileType = sourcecode.c.h; path = DetailViewController.h; sourceTree = "<group>"; };
		54B4BBC1174A916100F6215B /* DetailViewController.m */ = {isa = PBXFileReference; lastKnownFileType = sourcecode.c.objc; path = DetailViewController.m; sourceTree = "<group>"; };
		54B4BBC9174A9A8E00F6215B /* ContactsViewController.h */ = {isa = PBXFileReference; fileEncoding = 4; lastKnownFileType = sourcecode.c.h; path = ContactsViewController.h; sourceTree = "<group>"; };
		54B4BBCA174A9A8E00F6215B /* ContactsViewController.m */ = {isa = PBXFileReference; fileEncoding = 4; lastKnownFileType = sourcecode.c.objc; path = ContactsViewController.m; sourceTree = "<group>"; };
		54B4BBCC174A9AA400F6215B /* MessagesViewController.h */ = {isa = PBXFileReference; fileEncoding = 4; lastKnownFileType = sourcecode.c.h; path = MessagesViewController.h; sourceTree = "<group>"; };
		54B4BBCD174A9AA400F6215B /* MessagesViewController.m */ = {isa = PBXFileReference; fileEncoding = 4; lastKnownFileType = sourcecode.c.objc; path = MessagesViewController.m; sourceTree = "<group>"; };
		54B4BBCF174ABADF00F6215B /* ComposeViewController.h */ = {isa = PBXFileReference; fileEncoding = 4; lastKnownFileType = sourcecode.c.h; path = ComposeViewController.h; sourceTree = "<group>"; };
		54B4BBD0174ABADF00F6215B /* ComposeViewController.m */ = {isa = PBXFileReference; fileEncoding = 4; lastKnownFileType = sourcecode.c.objc; path = ComposeViewController.m; sourceTree = "<group>"; };
/* End PBXFileReference section */

/* Begin PBXFrameworksBuildPhase section */
		54B4BB9C174A916100F6215B /* Frameworks */ = {
			isa = PBXFrameworksBuildPhase;
			buildActionMask = 2147483647;
			files = (
				54B4BBA3174A916100F6215B /* UIKit.framework in Frameworks */,
				54B4BBA5174A916100F6215B /* Foundation.framework in Frameworks */,
				54B4BBA7174A916100F6215B /* CoreGraphics.framework in Frameworks */,
			);
			runOnlyForDeploymentPostprocessing = 0;
		};
/* End PBXFrameworksBuildPhase section */

/* Begin PBXGroup section */
		54335888174BE9960006E7D5 /* Resources */ = {
			isa = PBXGroup;
			children = (
				54335889174BE9A00006E7D5 /* SendButton.png */,
				5433588A174BE9A00006E7D5 /* SendButton@2x.png */,
			);
			name = Resources;
			sourceTree = "<group>";
		};
		54B4BB96174A916100F6215B = {
			isa = PBXGroup;
			children = (
				54B4BBA8174A916100F6215B /* SenHub - 	Dev Challenge */,
				54B4BBA1174A916100F6215B /* Frameworks */,
				54B4BBA0174A916100F6215B /* Products */,
			);
			sourceTree = "<group>";
		};
		54B4BBA0174A916100F6215B /* Products */ = {
			isa = PBXGroup;
			children = (
				54B4BB9F174A916100F6215B /* SenHub - 	Dev Challenge.app */,
			);
			name = Products;
			sourceTree = "<group>";
		};
		54B4BBA1174A916100F6215B /* Frameworks */ = {
			isa = PBXGroup;
			children = (
				54B4BBA2174A916100F6215B /* UIKit.framework */,
				54B4BBA4174A916100F6215B /* Foundation.framework */,
				54B4BBA6174A916100F6215B /* CoreGraphics.framework */,
			);
			name = Frameworks;
			sourceTree = "<group>";
		};
		54B4BBA8174A916100F6215B /* SenHub - 	Dev Challenge */ = {
			isa = PBXGroup;
			children = (
				54335888174BE9960006E7D5 /* Resources */,
				54B4BBC8174A99CF00F6215B /* Classes */,
				541379C5174B321E00789CFD /* APIsRequest.h */,
				541379C6174B321E00789CFD /* APIsRequest.m */,
				54B4BBB1174A916100F6215B /* AppDelegate.h */,
				54B4BBB2174A916100F6215B /* AppDelegate.m */,
				54B4BBBA174A916100F6215B /* MainStoryboard.storyboard */,
				54B4BBBD174A916100F6215B /* MasterViewController.h */,
				54B4BBBE174A916100F6215B /* MasterViewController.m */,
				54B4BBCF174ABADF00F6215B /* ComposeViewController.h */,
				54B4BBD0174ABADF00F6215B /* ComposeViewController.m */,
				54B4BBC0174A916100F6215B /* DetailViewController.h */,
				54B4BBC1174A916100F6215B /* DetailViewController.m */,
				54B4BBA9174A916100F6215B /* Supporting Files */,
			);
			path = "SenHub - \tDev Challenge";
			sourceTree = "<group>";
		};
		54B4BBA9174A916100F6215B /* Supporting Files */ = {
			isa = PBXGroup;
			children = (
				54B4BBAA174A916100F6215B /* SenHub - 	Dev Challenge-Info.plist */,
				54B4BBAB174A916100F6215B /* InfoPlist.strings */,
				54B4BBAE174A916100F6215B /* main.m */,
				54B4BBB0174A916100F6215B /* SenHub - 	Dev Challenge-Prefix.pch */,
				54B4BBB4174A916100F6215B /* Default.png */,
				54B4BBB6174A916100F6215B /* Default@2x.png */,
				54B4BBB8174A916100F6215B /* Default-568h@2x.png */,
			);
			name = "Supporting Files";
			sourceTree = "<group>";
		};
		54B4BBC8174A99CF00F6215B /* Classes */ = {
			isa = PBXGroup;
			children = (
				54B4BBC9174A9A8E00F6215B /* ContactsViewController.h */,
				54B4BBCA174A9A8E00F6215B /* ContactsViewController.m */,
				54B4BBCC174A9AA400F6215B /* MessagesViewController.h */,
				54B4BBCD174A9AA400F6215B /* MessagesViewController.m */,
			);
			name = Classes;
			sourceTree = "<group>";
		};
/* End PBXGroup section */

/* Begin PBXNativeTarget section */
		54B4BB9E174A916100F6215B /* SenHub - 	Dev Challenge */ = {
			isa = PBXNativeTarget;
			buildConfigurationList = 54B4BBC5174A916100F6215B /* Build configuration list for PBXNativeTarget "SenHub - 	Dev Challenge" */;
			buildPhases = (
				54B4BB9B174A916100F6215B /* Sources */,
				54B4BB9C174A916100F6215B /* Frameworks */,
				54B4BB9D174A916100F6215B /* Resources */,
			);
			buildRules = (
			);
			dependencies = (
			);
			name = "SenHub - \tDev Challenge";
			productName = "SenHub - \tDev Challenge";
			productReference = 54B4BB9F174A916100F6215B /* SenHub - 	Dev Challenge.app */;
			productType = "com.apple.product-type.application";
		};
/* End PBXNativeTarget section */

/* Begin PBXProject section */
		54B4BB97174A916100F6215B /* Project object */ = {
			isa = PBXProject;
			attributes = {
				LastUpgradeCheck = 0460;
				ORGANIZATIONNAME = "Florian Reiss";
			};
			buildConfigurationList = 54B4BB9A174A916100F6215B /* Build configuration list for PBXProject "SenHub - 	Dev Challenge" */;
			compatibilityVersion = "Xcode 3.2";
			developmentRegion = English;
			hasScannedForEncodings = 0;
			knownRegions = (
				en,
			);
			mainGroup = 54B4BB96174A916100F6215B;
			productRefGroup = 54B4BBA0174A916100F6215B /* Products */;
			projectDirPath = "";
			projectRoot = "";
			targets = (
				54B4BB9E174A916100F6215B /* SenHub - 	Dev Challenge */,
			);
		};
/* End PBXProject section */

/* Begin PBXResourcesBuildPhase section */
		54B4BB9D174A916100F6215B /* Resources */ = {
			isa = PBXResourcesBuildPhase;
			buildActionMask = 2147483647;
			files = (
				54B4BBAD174A916100F6215B /* InfoPlist.strings in Resources */,
				54B4BBB5174A916100F6215B /* Default.png in Resources */,
				54B4BBB7174A916100F6215B /* Default@2x.png in Resources */,
				54B4BBB9174A916100F6215B /* Default-568h@2x.png in Resources */,
				54B4BBBC174A916100F6215B /* MainStoryboard.storyboard in Resources */,
				5433588B174BE9A00006E7D5 /* SendButton.png in Resources */,
				5433588C174BE9A00006E7D5 /* SendButton@2x.png in Resources */,
			);
			runOnlyForDeploymentPostprocessing = 0;
		};
/* End PBXResourcesBuildPhase section */

/* Begin PBXSourcesBuildPhase section */
		54B4BB9B174A916100F6215B /* Sources */ = {
			isa = PBXSourcesBuildPhase;
			buildActionMask = 2147483647;
			files = (
				54B4BBAF174A916100F6215B /* main.m in Sources */,
				54B4BBB3174A916100F6215B /* AppDelegate.m in Sources */,
				54B4BBBF174A916100F6215B /* MasterViewController.m in Sources */,
				54B4BBC2174A916100F6215B /* DetailViewController.m in Sources */,
				54B4BBCB174A9A8E00F6215B /* ContactsViewController.m in Sources */,
				54B4BBCE174A9AA400F6215B /* MessagesViewController.m in Sources */,
				54B4BBD1174ABADF00F6215B /* ComposeViewController.m in Sources */,
				541379C7174B321E00789CFD /* APIsRequest.m in Sources */,
			);
			runOnlyForDeploymentPostprocessing = 0;
		};
/* End PBXSourcesBuildPhase section */

/* Begin PBXVariantGroup section */
		54B4BBAB174A916100F6215B /* InfoPlist.strings */ = {
			isa = PBXVariantGroup;
			children = (
				54B4BBAC174A916100F6215B /* en */,
			);
			name = InfoPlist.strings;
			sourceTree = "<group>";
		};
		54B4BBBA174A916100F6215B /* MainStoryboard.storyboard */ = {
			isa = PBXVariantGroup;
			children = (
				54B4BBBB174A916100F6215B /* en */,
			);
			name = MainStoryboard.storyboard;
			sourceTree = "<group>";
		};
/* End PBXVariantGroup section */

/* Begin XCBuildConfiguration section */
		54B4BBC3174A916100F6215B /* Debug */ = {
			isa = XCBuildConfiguration;
			buildSettings = {
				ALWAYS_SEARCH_USER_PATHS = NO;
				CLANG_CXX_LANGUAGE_STANDARD = "gnu++0x";
				CLANG_CXX_LIBRARY = "libc++";
				CLANG_WARN_CONSTANT_CONVERSION = YES;
				CLANG_WARN_EMPTY_BODY = YES;
				CLANG_WARN_ENUM_CONVERSION = YES;
				CLANG_WARN_INT_CONVERSION = YES;
				CLANG_WARN__DUPLICATE_METHOD_MATCH = YES;
				"CODE_SIGN_IDENTITY[sdk=iphoneos*]" = "iPhone Developer";
				COPY_PHASE_STRIP = NO;
				GCC_C_LANGUAGE_STANDARD = gnu99;
				GCC_DYNAMIC_NO_PIC = NO;
				GCC_OPTIMIZATION_LEVEL = 0;
				GCC_PREPROCESSOR_DEFINITIONS = (
					"DEBUG=1",
					"$(inherited)",
				);
				GCC_SYMBOLS_PRIVATE_EXTERN = NO;
				GCC_WARN_ABOUT_RETURN_TYPE = YES;
				GCC_WARN_UNINITIALIZED_AUTOS = YES;
				GCC_WARN_UNUSED_VARIABLE = YES;
				IPHONEOS_DEPLOYMENT_TARGET = 6.1;
				ONLY_ACTIVE_ARCH = YES;
				SDKROOT = iphoneos;
			};
			name = Debug;
		};
		54B4BBC4174A916100F6215B /* Release */ = {
			isa = XCBuildConfiguration;
			buildSettings = {
				ALWAYS_SEARCH_USER_PATHS = NO;
				CLANG_CXX_LANGUAGE_STANDARD = "gnu++0x";
				CLANG_CXX_LIBRARY = "libc++";
				CLANG_WARN_CONSTANT_CONVERSION = YES;
				CLANG_WARN_EMPTY_BODY = YES;
				CLANG_WARN_ENUM_CONVERSION = YES;
				CLANG_WARN_INT_CONVERSION = YES;
				CLANG_WARN__DUPLICATE_METHOD_MATCH = YES;
				"CODE_SIGN_IDENTITY[sdk=iphoneos*]" = "iPhone Developer";
				COPY_PHASE_STRIP = YES;
				GCC_C_LANGUAGE_STANDARD = gnu99;
				GCC_WARN_ABOUT_RETURN_TYPE = YES;
				GCC_WARN_UNINITIALIZED_AUTOS = YES;
				GCC_WARN_UNUSED_VARIABLE = YES;
				IPHONEOS_DEPLOYMENT_TARGET = 6.1;
				OTHER_CFLAGS = "-DNS_BLOCK_ASSERTIONS=1";
				SDKROOT = iphoneos;
				VALIDATE_PRODUCT = YES;
			};
			name = Release;
		};
		54B4BBC6174A916100F6215B /* Debug */ = {
			isa = XCBuildConfiguration;
			buildSettings = {
				GCC_PRECOMPILE_PREFIX_HEADER = YES;
				GCC_PREFIX_HEADER = "SenHub - \tDev Challenge/SenHub - \tDev Challenge-Prefix.pch";
				INFOPLIST_FILE = "SenHub - \tDev Challenge/SenHub - \tDev Challenge-Info.plist";
				PRODUCT_NAME = "$(TARGET_NAME)";
				WRAPPER_EXTENSION = app;
			};
			name = Debug;
		};
		54B4BBC7174A916100F6215B /* Release */ = {
			isa = XCBuildConfiguration;
			buildSettings = {
				GCC_PRECOMPILE_PREFIX_HEADER = YES;
				GCC_PREFIX_HEADER = "SenHub - \tDev Challenge/SenHub - \tDev Challenge-Prefix.pch";
				INFOPLIST_FILE = "SenHub - \tDev Challenge/SenHub - \tDev Challenge-Info.plist";
				PRODUCT_NAME = "$(TARGET_NAME)";
				WRAPPER_EXTENSION = app;
			};
			name = Release;
		};
/* End XCBuildConfiguration section */

/* Begin XCConfigurationList section */
		54B4BB9A174A916100F6215B /* Build configuration list for PBXProject "SenHub - 	Dev Challenge" */ = {
			isa = XCConfigurationList;
			buildConfigurations = (
				54B4BBC3174A916100F6215B /* Debug */,
				54B4BBC4174A916100F6215B /* Release */,
			);
			defaultConfigurationIsVisible = 0;
			defaultConfigurationName = Release;
		};
		54B4BBC5174A916100F6215B /* Build configuration list for PBXNativeTarget "SenHub - 	Dev Challenge" */ = {
			isa = XCConfigurationList;
			buildConfigurations = (
				54B4BBC6174A916100F6215B /* Debug */,
				54B4BBC7174A916100F6215B /* Release */,
			);
			defaultConfigurationIsVisible = 0;
			defaultConfigurationName = Release;
		};
/* End XCConfigurationList section */
	};
	rootObject = 54B4BB97174A916100F6215B /* Project object */;
}
